
Microsoft Visual Studio Solution File, Format Version 12.00
# Visual Studio 15
VisualStudioVersion = 15.0.28307.645
MinimumVisualStudioVersion = 10.0.40219.1
Project("{8BC9CEB8-8B4A-11D0-8D11-00A0C91BC942}") = "ManagedClass", "ManagedClass\ManagedClass.vcxproj", "{4AD944A3-604D-4376-905C-4399FBACB523}"
EndProject
Project("{8BC9CEB8-8B4A-11D0-8D11-00A0C91BC942}") = "NativeClass", "NativeClass\NativeClass.vcxproj", "{300DE68B-6513-42A6-BFFE-4A5BDEA7F930}"
EndProject
Global
	GlobalSection(SolutionConfigurationPlatforms) = preSolution
		Debug|x64 = Debug|x64
		Debug|x86 = Debug|x86
		Release|x64 = Release|x64
		Release|x86 = Release|x86
	EndGlobalSection
	GlobalSection(ProjectConfigurationPlatforms) = postSolution
		{4AD944A3-604D-4376-905C-4399FBACB523}.Debug|x64.ActiveCfg = Debug|x64
		{4AD944A3-604D-4376-905C-4399FBACB523}.Debug|x64.Build.0 = Debug|x64
		{4AD944A3-604D-4376-905C-4399FBACB523}.Debug|x86.ActiveCfg = Debug|Win32
		{4AD944A3-604D-4376-905C-4399FBACB523}.Debug|x86.Build.0 = Debug|Win32
		{4AD944A3-604D-4376-905C-4399FBACB523}.Release|x64.ActiveCfg = Release|x64
		{4AD944A3-604D-4376-905C-4399FBACB523}.Release|x64.Build.0 = Release|x64
		{4AD944A3-604D-4376-905C-4399FBACB523}.Release|x86.ActiveCfg = Release|Win32
		{4AD944A3-604D-4376-905C-4399FBACB523}.Release|x86.Build.0 = Release|Win32
		{300DE68B-6513-42A6-BFFE-4A5BDEA7F930}.Debug|x64.ActiveCfg = Debug|x64
		{300DE68B-6513-42A6-BFFE-4A5BDEA7F930}.Debug|x64.Build.0 = Debug|x64
		{300DE68B-6513-42A6-BFFE-4A5BDEA7F930}.Debug|x86.ActiveCfg = Debug|Win32
		{300DE68B-6513-42A6-BFFE-4A5BDEA7F930}.Debug|x86.Build.0 = Debug|Win32
		{300DE68B-6513-42A6-BFFE-4A5BDEA7F930}.Release|x64.ActiveCfg = Release|x64
		{300DE68B-6513-42A6-BFFE-4A5BDEA7F930}.Release|x64.Build.0 = Release|x64
		{300DE68B-6513-42A6-BFFE-4A5BDEA7F930}.Release|x86.ActiveCfg = Release|Win32
		{300DE68B-6513-42A6-BFFE-4A5BDEA7F930}.Release|x86.Build.0 = Release|Win32
	EndGlobalSection
	GlobalSection(SolutionProperties) = preSolution
		HideSolutionNode = FALSE
	EndGlobalSection
	GlobalSection(ExtensibilityGlobals) = postSolution
		SolutionGuid = {BBD3D422-E793-4C5E-B905-3E10B774C71C}
	EndGlobalSection
EndGlobal
